
Microsoft Visual Studio Solution File, Format Version 12.00
# Visual Studio Version 17
VisualStudioVersion = 17.2.32630.192
MinimumVisualStudioVersion = 10.0.40219.1
Project("{FAE04EC0-301F-11D3-BF4B-00C04F79EFBC}") = "wpf_learning", "wpf_learning.csproj", "{7E247A4B-7D70-43A5-9876-DC4E221F3E45}"
EndProject
Global
	GlobalSection(SolutionConfigurationPlatforms) = preSolution
		Debug|Any CPU = Debug|Any CPU
		Release|Any CPU = Release|Any CPU
	EndGlobalSection
	GlobalSection(ProjectConfigurationPlatforms) = postSolution
		{7E247A4B-7D70-43A5-9876-DC4E221F3E45}.Debug|Any CPU.ActiveCfg = Debug|Any CPU
		{7E247A4B-7D70-43A5-9876-DC4E221F3E45}.Debug|Any CPU.Build.0 = Debug|Any CPU
		{7E247A4B-7D70-43A5-9876-DC4E221F3E45}.Release|Any CPU.ActiveCfg = Release|Any CPU
		{7E247A4B-7D70-43A5-9876-DC4E221F3E45}.Release|Any CPU.Build.0 = Release|Any CPU
	EndGlobalSection
	GlobalSection(SolutionProperties) = preSolution
		HideSolutionNode = FALSE
	EndGlobalSection
	GlobalSection(ExtensibilityGlobals) = postSolution
		SolutionGuid = {E072BE34-B615-4771-867B-4C50F9B8E323}
	EndGlobalSection
EndGlobal
